
Microsoft Visual Studio Solution File, Format Version 12.00
# Visual Studio 15
VisualStudioVersion = 15.0.26403.7
MinimumVisualStudioVersion = 10.0.40219.1
Project("{FAE04EC0-301F-11D3-BF4B-00C04F79EFBC}") = "Client.Test", "Client.Test\Client.Test.csproj", "{E4109405-CCFF-488B-A022-1669018E8790}"
EndProject
Project("{FAE04EC0-301F-11D3-BF4B-00C04F79EFBC}") = "Kraken.Client", "Kraken.Client\Kraken.Client.csproj", "{6AE93946-E367-4D7A-9469-61D084E728EF}"
EndProject
Global
	GlobalSection(SolutionConfigurationPlatforms) = preSolution
		Debug|Any CPU = Debug|Any CPU
		Release|Any CPU = Release|Any CPU
	EndGlobalSection
	GlobalSection(ProjectConfigurationPlatforms) = postSolution
		{E4109405-CCFF-488B-A022-1669018E8790}.Debug|Any CPU.ActiveCfg = Debug|Any CPU
		{E4109405-CCFF-488B-A022-1669018E8790}.Debug|Any CPU.Build.0 = Debug|Any CPU
		{E4109405-CCFF-488B-A022-1669018E8790}.Release|Any CPU.ActiveCfg = Release|Any CPU
		{E4109405-CCFF-488B-A022-1669018E8790}.Release|Any CPU.Build.0 = Release|Any CPU
		{6AE93946-E367-4D7A-9469-61D084E728EF}.Debug|Any CPU.ActiveCfg = Debug|Any CPU
		{6AE93946-E367-4D7A-9469-61D084E728EF}.Debug|Any CPU.Build.0 = Debug|Any CPU
		{6AE93946-E367-4D7A-9469-61D084E728EF}.Release|Any CPU.ActiveCfg = Release|Any CPU
		{6AE93946-E367-4D7A-9469-61D084E728EF}.Release|Any CPU.Build.0 = Release|Any CPU
	EndGlobalSection
	GlobalSection(SolutionProperties) = preSolution
		HideSolutionNode = FALSE
	EndGlobalSection
EndGlobal
